
Microsoft Visual Studio Solution File, Format Version 12.00
# Visual Studio Version 16
VisualStudioVersion = 16.0.29503.13
MinimumVisualStudioVersion = 10.0.40219.1
Project("{FAE04EC0-301F-11D3-BF4B-00C04F79EFBC}") = "KassörskanV2", "KassörskanV2\KassörskanV2.csproj", "{C990792B-D528-42C3-9A96-AA70C29CEE81}"
EndProject
Global
	GlobalSection(SolutionConfigurationPlatforms) = preSolution
		Debug|Any CPU = Debug|Any CPU
		Release|Any CPU = Release|Any CPU
	EndGlobalSection
	GlobalSection(ProjectConfigurationPlatforms) = postSolution
		{C990792B-D528-42C3-9A96-AA70C29CEE81}.Debug|Any CPU.ActiveCfg = Debug|Any CPU
		{C990792B-D528-42C3-9A96-AA70C29CEE81}.Debug|Any CPU.Build.0 = Debug|Any CPU
		{C990792B-D528-42C3-9A96-AA70C29CEE81}.Release|Any CPU.ActiveCfg = Release|Any CPU
		{C990792B-D528-42C3-9A96-AA70C29CEE81}.Release|Any CPU.Build.0 = Release|Any CPU
	EndGlobalSection
	GlobalSection(SolutionProperties) = preSolution
		HideSolutionNode = FALSE
	EndGlobalSection
	GlobalSection(ExtensibilityGlobals) = postSolution
		SolutionGuid = {89757417-23B4-4E16-B336-EC4E7A825151}
	EndGlobalSection
EndGlobal
